// !$*UTF8*$!
{
	archiveVersion = 1;
	classes = {
	};
	objectVersion = 46;
	objects = {

/* Begin PBXBuildFile section */
		518C6C13400E5A6A52A73EF3 /* libPods.a in Frameworks */ = {isa = PBXBuildFile; fileRef = 9CE2947F043D42B7B75360E6 /* libPods.a */; };
		FC0C00531B208659000544AA /* AppDelegate.swift in Sources */ = {isa = PBXBuildFile; fileRef = FC0C00521B208659000544AA /* AppDelegate.swift */; };
		FC0C00551B208659000544AA /* ViewController.swift in Sources */ = {isa = PBXBuildFile; fileRef = FC0C00541B208659000544AA /* ViewController.swift */; };
		FC0C00581B208659000544AA /* Main.storyboard in Resources */ = {isa = PBXBuildFile; fileRef = FC0C00561B208659000544AA /* Main.storyboard */; };
		FC0C005A1B208659000544AA /* Images.xcassets in Resources */ = {isa = PBXBuildFile; fileRef = FC0C00591B208659000544AA /* Images.xcassets */; };
		FC0C005D1B208659000544AA /* LaunchScreen.xib in Resources */ = {isa = PBXBuildFile; fileRef = FC0C005B1B208659000544AA /* LaunchScreen.xib */; };
		FC0C00691B208659000544AA /* ParceirosTests.swift in Sources */ = {isa = PBXBuildFile; fileRef = FC0C00681B208659000544AA /* ParceirosTests.swift */; };
		FC0C00731B209513000544AA /* SobreViewController.swift in Sources */ = {isa = PBXBuildFile; fileRef = FC0C00721B209513000544AA /* SobreViewController.swift */; };
		FC0C00761B20961D000544AA /* Parceiro.swift in Sources */ = {isa = PBXBuildFile; fileRef = FC0C00751B20961D000544AA /* Parceiro.swift */; };
		FC0C00791B209E1D000544AA /* ViewController+MapView.swift in Sources */ = {isa = PBXBuildFile; fileRef = FC0C00781B209E1D000544AA /* ViewController+MapView.swift */; };
		FC0C007C1B20A3DC000544AA /* BaseClient.swift in Sources */ = {isa = PBXBuildFile; fileRef = FC0C007B1B20A3DC000544AA /* BaseClient.swift */; };
		FC0C007F1B20A5DD000544AA /* Endpoint.swift in Sources */ = {isa = PBXBuildFile; fileRef = FC0C007E1B20A5DD000544AA /* Endpoint.swift */; };
		FC0C00871B20B18B000544AA /* ParceiroClient.swift in Sources */ = {isa = PBXBuildFile; fileRef = FC0C00861B20B18B000544AA /* ParceiroClient.swift */; };
		FC0C00891B20B82F000544AA /* AppHelper.swift in Sources */ = {isa = PBXBuildFile; fileRef = FC0C00881B20B82F000544AA /* AppHelper.swift */; };
/* End PBXBuildFile section */

/* Begin PBXContainerItemProxy section */
		FC0C00631B208659000544AA /* PBXContainerItemProxy */ = {
			isa = PBXContainerItemProxy;
			containerPortal = FC0C00451B208659000544AA /* Project object */;
			proxyType = 1;
			remoteGlobalIDString = FC0C004C1B208659000544AA;
			remoteInfo = Parceiros;
		};
/* End PBXContainerItemProxy section */

/* Begin PBXFileReference section */
		799B6DD2CF360CBFEA10E994 /* Pods.release.xcconfig */ = {isa = PBXFileReference; includeInIndex = 1; lastKnownFileType = text.xcconfig; name = Pods.release.xcconfig; path = "Pods/Target Support Files/Pods/Pods.release.xcconfig"; sourceTree = "<group>"; };
		9CE2947F043D42B7B75360E6 /* libPods.a */ = {isa = PBXFileReference; explicitFileType = archive.ar; includeInIndex = 0; path = libPods.a; sourceTree = BUILT_PRODUCTS_DIR; };
		C18DE6326684899D18D11D52 /* Pods.debug.xcconfig */ = {isa = PBXFileReference; includeInIndex = 1; lastKnownFileType = text.xcconfig; name = Pods.debug.xcconfig; path = "Pods/Target Support Files/Pods/Pods.debug.xcconfig"; sourceTree = "<group>"; };
		FC0C004D1B208659000544AA /* Parceiros.app */ = {isa = PBXFileReference; explicitFileType = wrapper.application; includeInIndex = 0; path = Parceiros.app; sourceTree = BUILT_PRODUCTS_DIR; };
		FC0C00511B208659000544AA /* Info.plist */ = {isa = PBXFileReference; lastKnownFileType = text.plist.xml; path = Info.plist; sourceTree = "<group>"; };
		FC0C00521B208659000544AA /* AppDelegate.swift */ = {isa = PBXFileReference; lastKnownFileType = sourcecode.swift; path = AppDelegate.swift; sourceTree = "<group>"; };
		FC0C00541B208659000544AA /* ViewController.swift */ = {isa = PBXFileReference; lastKnownFileType = sourcecode.swift; path = ViewController.swift; sourceTree = "<group>"; };
		FC0C00571B208659000544AA /* Base */ = {isa = PBXFileReference; lastKnownFileType = file.storyboard; name = Base; path = Base.lproj/Main.storyboard; sourceTree = "<group>"; };
		FC0C00591B208659000544AA /* Images.xcassets */ = {isa = PBXFileReference; lastKnownFileType = folder.assetcatalog; path = Images.xcassets; sourceTree = "<group>"; };
		FC0C005C1B208659000544AA /* Base */ = {isa = PBXFileReference; lastKnownFileType = file.xib; name = Base; path = Base.lproj/LaunchScreen.xib; sourceTree = "<group>"; };
		FC0C00621B208659000544AA /* ParceirosTests.xctest */ = {isa = PBXFileReference; explicitFileType = wrapper.cfbundle; includeInIndex = 0; path = ParceirosTests.xctest; sourceTree = BUILT_PRODUCTS_DIR; };
		FC0C00671B208659000544AA /* Info.plist */ = {isa = PBXFileReference; lastKnownFileType = text.plist.xml; path = Info.plist; sourceTree = "<group>"; };
		FC0C00681B208659000544AA /* ParceirosTests.swift */ = {isa = PBXFileReference; lastKnownFileType = sourcecode.swift; path = ParceirosTests.swift; sourceTree = "<group>"; };
		FC0C00721B209513000544AA /* SobreViewController.swift */ = {isa = PBXFileReference; fileEncoding = 4; lastKnownFileType = sourcecode.swift; path = SobreViewController.swift; sourceTree = "<group>"; };
		FC0C00751B20961D000544AA /* Parceiro.swift */ = {isa = PBXFileReference; fileEncoding = 4; lastKnownFileType = sourcecode.swift; name = Parceiro.swift; path = Models/Parceiro.swift; sourceTree = "<group>"; };
		FC0C00781B209E1D000544AA /* ViewController+MapView.swift */ = {isa = PBXFileReference; fileEncoding = 4; lastKnownFileType = sourcecode.swift; name = "ViewController+MapView.swift"; path = "Extensions/ViewController+MapView.swift"; sourceTree = "<group>"; };
		FC0C007B1B20A3DC000544AA /* BaseClient.swift */ = {isa = PBXFileReference; fileEncoding = 4; lastKnownFileType = sourcecode.swift; name = BaseClient.swift; path = Clients/BaseClient.swift; sourceTree = "<group>"; };
		FC0C007E1B20A5DD000544AA /* Endpoint.swift */ = {isa = PBXFileReference; fileEncoding = 4; lastKnownFileType = sourcecode.swift; name = Endpoint.swift; path = Enums/Endpoint.swift; sourceTree = "<group>"; };
		FC0C00801B20A841000544AA /* Parceiros-Bridging-Header.h */ = {isa = PBXFileReference; lastKnownFileType = sourcecode.c.h; path = "Parceiros-Bridging-Header.h"; sourceTree = "<group>"; };
		FC0C00861B20B18B000544AA /* ParceiroClient.swift */ = {isa = PBXFileReference; fileEncoding = 4; lastKnownFileType = sourcecode.swift; name = ParceiroClient.swift; path = Clients/ParceiroClient.swift; sourceTree = "<group>"; };
		FC0C00881B20B82F000544AA /* AppHelper.swift */ = {isa = PBXFileReference; fileEncoding = 4; lastKnownFileType = sourcecode.swift; name = AppHelper.swift; path = Helpers/AppHelper.swift; sourceTree = "<group>"; };
/* End PBXFileReference section */

/* Begin PBXFrameworksBuildPhase section */
		FC0C004A1B208659000544AA /* Frameworks */ = {
			isa = PBXFrameworksBuildPhase;
			buildActionMask = 2147483647;
			files = (
				518C6C13400E5A6A52A73EF3 /* libPods.a in Frameworks */,
			);
			runOnlyForDeploymentPostprocessing = 0;
		};
		FC0C005F1B208659000544AA /* Frameworks */ = {
			isa = PBXFrameworksBuildPhase;
			buildActionMask = 2147483647;
			files = (
			);
			runOnlyForDeploymentPostprocessing = 0;
		};
/* End PBXFrameworksBuildPhase section */

/* Begin PBXGroup section */
		694CB80F8A64585428F2D0A4 /* Frameworks */ = {
			isa = PBXGroup;
			children = (
				9CE2947F043D42B7B75360E6 /* libPods.a */,
			);
			name = Frameworks;
			sourceTree = "<group>";
		};
		877E180DA5D07CB7F6324111 /* Pods */ = {
			isa = PBXGroup;
			children = (
				C18DE6326684899D18D11D52 /* Pods.debug.xcconfig */,
				799B6DD2CF360CBFEA10E994 /* Pods.release.xcconfig */,
			);
			name = Pods;
			sourceTree = "<group>";
		};
		FC0C00441B208659000544AA = {
			isa = PBXGroup;
			children = (
				FC0C004F1B208659000544AA /* Parceiros */,
				FC0C00651B208659000544AA /* ParceirosTests */,
				FC0C004E1B208659000544AA /* Products */,
				877E180DA5D07CB7F6324111 /* Pods */,
				694CB80F8A64585428F2D0A4 /* Frameworks */,
			);
			sourceTree = "<group>";
		};
		FC0C004E1B208659000544AA /* Products */ = {
			isa = PBXGroup;
			children = (
				FC0C004D1B208659000544AA /* Parceiros.app */,
				FC0C00621B208659000544AA /* ParceirosTests.xctest */,
			);
			name = Products;
			sourceTree = "<group>";
		};
		FC0C004F1B208659000544AA /* Parceiros */ = {
			isa = PBXGroup;
			children = (
				FC0C00831B20A9ED000544AA /* Helpers */,
				FC0C00801B20A841000544AA /* Parceiros-Bridging-Header.h */,
				FC0C007D1B20A5B2000544AA /* Enums */,
				FC0C007A1B20A3BC000544AA /* Clients */,
				FC0C00771B209D44000544AA /* Extensions */,
				FC0C00741B2095E8000544AA /* Models */,
				FC0C00521B208659000544AA /* AppDelegate.swift */,
				FC0C00541B208659000544AA /* ViewController.swift */,
				FC0C00721B209513000544AA /* SobreViewController.swift */,
				FC0C00561B208659000544AA /* Main.storyboard */,
				FC0C00591B208659000544AA /* Images.xcassets */,
				FC0C005B1B208659000544AA /* LaunchScreen.xib */,
				FC0C00501B208659000544AA /* Supporting Files */,
			);
			path = Parceiros;
			sourceTree = "<group>";
		};
		FC0C00501B208659000544AA /* Supporting Files */ = {
			isa = PBXGroup;
			children = (
				FC0C00511B208659000544AA /* Info.plist */,
			);
			name = "Supporting Files";
			sourceTree = "<group>";
		};
		FC0C00651B208659000544AA /* ParceirosTests */ = {
			isa = PBXGroup;
			children = (
				FC0C00681B208659000544AA /* ParceirosTests.swift */,
				FC0C00661B208659000544AA /* Supporting Files */,
			);
			path = ParceirosTests;
			sourceTree = "<group>";
		};
		FC0C00661B208659000544AA /* Supporting Files */ = {
			isa = PBXGroup;
			children = (
				FC0C00671B208659000544AA /* Info.plist */,
			);
			name = "Supporting Files";
			sourceTree = "<group>";
		};
		FC0C00741B2095E8000544AA /* Models */ = {
			isa = PBXGroup;
			children = (
				FC0C00751B20961D000544AA /* Parceiro.swift */,
			);
			name = Models;
			sourceTree = "<group>";
		};
		FC0C00771B209D44000544AA /* Extensions */ = {
			isa = PBXGroup;
			children = (
				FC0C00781B209E1D000544AA /* ViewController+MapView.swift */,
			);
			name = Extensions;
			sourceTree = "<group>";
		};
		FC0C007A1B20A3BC000544AA /* Clients */ = {
			isa = PBXGroup;
			children = (
				FC0C007B1B20A3DC000544AA /* BaseClient.swift */,
				FC0C00861B20B18B000544AA /* ParceiroClient.swift */,
			);
			name = Clients;
			sourceTree = "<group>";
		};
		FC0C007D1B20A5B2000544AA /* Enums */ = {
			isa = PBXGroup;
			children = (
				FC0C007E1B20A5DD000544AA /* Endpoint.swift */,
			);
			name = Enums;
			sourceTree = "<group>";
		};
		FC0C00831B20A9ED000544AA /* Helpers */ = {
			isa = PBXGroup;
			children = (
				FC0C00881B20B82F000544AA /* AppHelper.swift */,
			);
			name = Helpers;
			sourceTree = "<group>";
		};
/* End PBXGroup section */

/* Begin PBXNativeTarget section */
		FC0C004C1B208659000544AA /* Parceiros */ = {
			isa = PBXNativeTarget;
			buildConfigurationList = FC0C006C1B208659000544AA /* Build configuration list for PBXNativeTarget "Parceiros" */;
			buildPhases = (
				D15575B326B69D2C9F0CDA96 /* Check Pods Manifest.lock */,
				FC0C00491B208659000544AA /* Sources */,
				FC0C004A1B208659000544AA /* Frameworks */,
				FC0C004B1B208659000544AA /* Resources */,
				C9E9E2554E17C4354AF82CB4 /* Copy Pods Resources */,
			);
			buildRules = (
			);
			dependencies = (
			);
			name = Parceiros;
			productName = Parceiros;
			productReference = FC0C004D1B208659000544AA /* Parceiros.app */;
			productType = "com.apple.product-type.application";
		};
		FC0C00611B208659000544AA /* ParceirosTests */ = {
			isa = PBXNativeTarget;
			buildConfigurationList = FC0C006F1B208659000544AA /* Build configuration list for PBXNativeTarget "ParceirosTests" */;
			buildPhases = (
				FC0C005E1B208659000544AA /* Sources */,
				FC0C005F1B208659000544AA /* Frameworks */,
				FC0C00601B208659000544AA /* Resources */,
			);
			buildRules = (
			);
			dependencies = (
				FC0C00641B208659000544AA /* PBXTargetDependency */,
			);
			name = ParceirosTests;
			productName = ParceirosTests;
			productReference = FC0C00621B208659000544AA /* ParceirosTests.xctest */;
			productType = "com.apple.product-type.bundle.unit-test";
		};
/* End PBXNativeTarget section */

/* Begin PBXProject section */
		FC0C00451B208659000544AA /* Project object */ = {
			isa = PBXProject;
			attributes = {
				LastUpgradeCheck = 0630;
				ORGANIZATIONNAME = "Corpo na Medida";
				TargetAttributes = {
					FC0C004C1B208659000544AA = {
						CreatedOnToolsVersion = 6.3;
					};
					FC0C00611B208659000544AA = {
						CreatedOnToolsVersion = 6.3;
						TestTargetID = FC0C004C1B208659000544AA;
					};
				};
			};
			buildConfigurationList = FC0C00481B208659000544AA /* Build configuration list for PBXProject "Parceiros" */;
			compatibilityVersion = "Xcode 3.2";
			developmentRegion = English;
			hasScannedForEncodings = 0;
			knownRegions = (
				en,
				Base,
			);
			mainGroup = FC0C00441B208659000544AA;
			productRefGroup = FC0C004E1B208659000544AA /* Products */;
			projectDirPath = "";
			projectRoot = "";
			targets = (
				FC0C004C1B208659000544AA /* Parceiros */,
				FC0C00611B208659000544AA /* ParceirosTests */,
			);
		};
/* End PBXProject section */

/* Begin PBXResourcesBuildPhase section */
		FC0C004B1B208659000544AA /* Resources */ = {
			isa = PBXResourcesBuildPhase;
			buildActionMask = 2147483647;
			files = (
				FC0C00581B208659000544AA /* Main.storyboard in Resources */,
				FC0C005D1B208659000544AA /* LaunchScreen.xib in Resources */,
				FC0C005A1B208659000544AA /* Images.xcassets in Resources */,
			);
			runOnlyForDeploymentPostprocessing = 0;
		};
		FC0C00601B208659000544AA /* Resources */ = {
			isa = PBXResourcesBuildPhase;
			buildActionMask = 2147483647;
			files = (
			);
			runOnlyForDeploymentPostprocessing = 0;
		};
/* End PBXResourcesBuildPhase section */

/* Begin PBXShellScriptBuildPhase section */
		C9E9E2554E17C4354AF82CB4 /* Copy Pods Resources */ = {
			isa = PBXShellScriptBuildPhase;
			buildActionMask = 2147483647;
			files = (
			);
			inputPaths = (
			);
			name = "Copy Pods Resources";
			outputPaths = (
			);
			runOnlyForDeploymentPostprocessing = 0;
			shellPath = /bin/sh;
			shellScript = "\"${SRCROOT}/Pods/Target Support Files/Pods/Pods-resources.sh\"\n";
			showEnvVarsInLog = 0;
		};
		D15575B326B69D2C9F0CDA96 /* Check Pods Manifest.lock */ = {
			isa = PBXShellScriptBuildPhase;
			buildActionMask = 2147483647;
			files = (
			);
			inputPaths = (
			);
			name = "Check Pods Manifest.lock";
			outputPaths = (
			);
			runOnlyForDeploymentPostprocessing = 0;
			shellPath = /bin/sh;
			shellScript = "diff \"${PODS_ROOT}/../Podfile.lock\" \"${PODS_ROOT}/Manifest.lock\" > /dev/null\nif [[ $? != 0 ]] ; then\n    cat << EOM\nerror: The sandbox is not in sync with the Podfile.lock. Run 'pod install' or update your CocoaPods installation.\nEOM\n    exit 1\nfi\n";
			showEnvVarsInLog = 0;
		};
/* End PBXShellScriptBuildPhase section */

/* Begin PBXSourcesBuildPhase section */
		FC0C00491B208659000544AA /* Sources */ = {
			isa = PBXSourcesBuildPhase;
			buildActionMask = 2147483647;
			files = (
				FC0C007F1B20A5DD000544AA /* Endpoint.swift in Sources */,
				FC0C00871B20B18B000544AA /* ParceiroClient.swift in Sources */,
				FC0C00731B209513000544AA /* SobreViewController.swift in Sources */,
				FC0C007C1B20A3DC000544AA /* BaseClient.swift in Sources */,
				FC0C00551B208659000544AA /* ViewController.swift in Sources */,
				FC0C00891B20B82F000544AA /* AppHelper.swift in Sources */,
				FC0C00761B20961D000544AA /* Parceiro.swift in Sources */,
				FC0C00791B209E1D000544AA /* ViewController+MapView.swift in Sources */,
				FC0C00531B208659000544AA /* AppDelegate.swift in Sources */,
			);
			runOnlyForDeploymentPostprocessing = 0;
		};
		FC0C005E1B208659000544AA /* Sources */ = {
			isa = PBXSourcesBuildPhase;
			buildActionMask = 2147483647;
			files = (
				FC0C00691B208659000544AA /* ParceirosTests.swift in Sources */,
			);
			runOnlyForDeploymentPostprocessing = 0;
		};
/* End PBXSourcesBuildPhase section */

/* Begin PBXTargetDependency section */
		FC0C00641B208659000544AA /* PBXTargetDependency */ = {
			isa = PBXTargetDependency;
			target = FC0C004C1B208659000544AA /* Parceiros */;
			targetProxy = FC0C00631B208659000544AA /* PBXContainerItemProxy */;
		};
/* End PBXTargetDependency section */

/* Begin PBXVariantGroup section */
		FC0C00561B208659000544AA /* Main.storyboard */ = {
			isa = PBXVariantGroup;
			children = (
				FC0C00571B208659000544AA /* Base */,
			);
			name = Main.storyboard;
			sourceTree = "<group>";
		};
		FC0C005B1B208659000544AA /* LaunchScreen.xib */ = {
			isa = PBXVariantGroup;
			children = (
				FC0C005C1B208659000544AA /* Base */,
			);
			name = LaunchScreen.xib;
			sourceTree = "<group>";
		};
/* End PBXVariantGroup section */

/* Begin XCBuildConfiguration section */
		FC0C006A1B208659000544AA /* Debug */ = {
			isa = XCBuildConfiguration;
			buildSettings = {
				ALWAYS_SEARCH_USER_PATHS = NO;
				CLANG_CXX_LANGUAGE_STANDARD = "gnu++0x";
				CLANG_CXX_LIBRARY = "libc++";
				CLANG_ENABLE_MODULES = YES;
				CLANG_ENABLE_OBJC_ARC = YES;
				CLANG_WARN_BOOL_CONVERSION = YES;
				CLANG_WARN_CONSTANT_CONVERSION = YES;
				CLANG_WARN_DIRECT_OBJC_ISA_USAGE = YES_ERROR;
				CLANG_WARN_EMPTY_BODY = YES;
				CLANG_WARN_ENUM_CONVERSION = YES;
				CLANG_WARN_INT_CONVERSION = YES;
				CLANG_WARN_OBJC_ROOT_CLASS = YES_ERROR;
				CLANG_WARN_UNREACHABLE_CODE = YES;
				CLANG_WARN__DUPLICATE_METHOD_MATCH = YES;
				"CODE_SIGN_IDENTITY[sdk=iphoneos*]" = "iPhone Developer";
				COPY_PHASE_STRIP = NO;
				DEBUG_INFORMATION_FORMAT = "dwarf-with-dsym";
				ENABLE_STRICT_OBJC_MSGSEND = YES;
				GCC_C_LANGUAGE_STANDARD = gnu99;
				GCC_DYNAMIC_NO_PIC = NO;
				GCC_NO_COMMON_BLOCKS = YES;
				GCC_OPTIMIZATION_LEVEL = 0;
				GCC_PREPROCESSOR_DEFINITIONS = (
					"DEBUG=1",
					"$(inherited)",
				);
				GCC_SYMBOLS_PRIVATE_EXTERN = NO;
				GCC_WARN_64_TO_32_BIT_CONVERSION = YES;
				GCC_WARN_ABOUT_RETURN_TYPE = YES_ERROR;
				GCC_WARN_UNDECLARED_SELECTOR = YES;
				GCC_WARN_UNINITIALIZED_AUTOS = YES_AGGRESSIVE;
				GCC_WARN_UNUSED_FUNCTION = YES;
				GCC_WARN_UNUSED_VARIABLE = YES;
				IPHONEOS_DEPLOYMENT_TARGET = 8.3;
				MTL_ENABLE_DEBUG_INFO = YES;
				ONLY_ACTIVE_ARCH = YES;
				SDKROOT = iphoneos;
				SWIFT_OPTIMIZATION_LEVEL = "-Onone";
				TARGETED_DEVICE_FAMILY = "1,2";
			};
			name = Debug;
		};
		FC0C006B1B208659000544AA /* Release */ = {
			isa = XCBuildConfiguration;
			buildSettings = {
				ALWAYS_SEARCH_USER_PATHS = NO;
				CLANG_CXX_LANGUAGE_STANDARD = "gnu++0x";
				CLANG_CXX_LIBRARY = "libc++";
				CLANG_ENABLE_MODULES = YES;
				CLANG_ENABLE_OBJC_ARC = YES;
				CLANG_WARN_BOOL_CONVERSION = YES;
				CLANG_WARN_CONSTANT_CONVERSION = YES;
				CLANG_WARN_DIRECT_OBJC_ISA_USAGE = YES_ERROR;
				CLANG_WARN_EMPTY_BODY = YES;
				CLANG_WARN_ENUM_CONVERSION = YES;
				CLANG_WARN_INT_CONVERSION = YES;
				CLANG_WARN_OBJC_ROOT_CLASS = YES_ERROR;
				CLANG_WARN_UNREACHABLE_CODE = YES;
				CLANG_WARN__DUPLICATE_METHOD_MATCH = YES;
				"CODE_SIGN_IDENTITY[sdk=iphoneos*]" = "iPhone Developer";
				COPY_PHASE_STRIP = NO;
				DEBUG_INFORMATION_FORMAT = "dwarf-with-dsym";
				ENABLE_NS_ASSERTIONS = NO;
				ENABLE_STRICT_OBJC_MSGSEND = YES;
				GCC_C_LANGUAGE_STANDARD = gnu99;
				GCC_NO_COMMON_BLOCKS = YES;
				GCC_WARN_64_TO_32_BIT_CONVERSION = YES;
				GCC_WARN_ABOUT_RETURN_TYPE = YES_ERROR;
				GCC_WARN_UNDECLARED_SELECTOR = YES;
				GCC_WARN_UNINITIALIZED_AUTOS = YES_AGGRESSIVE;
				GCC_WARN_UNUSED_FUNCTION = YES;
				GCC_WARN_UNUSED_VARIABLE = YES;
				IPHONEOS_DEPLOYMENT_TARGET = 8.3;
				MTL_ENABLE_DEBUG_INFO = NO;
				SDKROOT = iphoneos;
				TARGETED_DEVICE_FAMILY = "1,2";
				VALIDATE_PRODUCT = YES;
			};
			name = Release;
		};
		FC0C006D1B208659000544AA /* Debug */ = {
			isa = XCBuildConfiguration;
			baseConfigurationReference = C18DE6326684899D18D11D52 /* Pods.debug.xcconfig */;
			buildSettings = {
				ASSETCATALOG_COMPILER_APPICON_NAME = AppIcon;
				CLANG_ENABLE_MODULES = YES;
				INFOPLIST_FILE = Parceiros/Info.plist;
				LD_RUNPATH_SEARCH_PATHS = "$(inherited) @executable_path/Frameworks";
				PRODUCT_NAME = "$(TARGET_NAME)";
				SWIFT_OBJC_BRIDGING_HEADER = "Parceiros/Parceiros-Bridging-Header.h";
				SWIFT_OPTIMIZATION_LEVEL = "-Onone";
			};
			name = Debug;
		};
		FC0C006E1B208659000544AA /* Release */ = {
			isa = XCBuildConfiguration;
			baseConfigurationReference = 799B6DD2CF360CBFEA10E994 /* Pods.release.xcconfig */;
			buildSettings = {
				ASSETCATALOG_COMPILER_APPICON_NAME = AppIcon;
				CLANG_ENABLE_MODULES = YES;
				INFOPLIST_FILE = Parceiros/Info.plist;
				LD_RUNPATH_SEARCH_PATHS = "$(inherited) @executable_path/Frameworks";
				PRODUCT_NAME = "$(TARGET_NAME)";
				SWIFT_OBJC_BRIDGING_HEADER = "Parceiros/Parceiros-Bridging-Header.h";
			};
			name = Release;
		};
		FC0C00701B208659000544AA /* Debug */ = {
			isa = XCBuildConfiguration;
			buildSettings = {
				BUNDLE_LOADER = "$(TEST_HOST)";
				FRAMEWORK_SEARCH_PATHS = (
					"$(SDKROOT)/Developer/Library/Frameworks",
					"$(inherited)",
				);
				GCC_PREPROCESSOR_DEFINITIONS = (
					"DEBUG=1",
					"$(inherited)",
				);
				INFOPLIST_FILE = ParceirosTests/Info.plist;
				LD_RUNPATH_SEARCH_PATHS = "$(inherited) @executable_path/Frameworks @loader_path/Frameworks";
				PRODUCT_NAME = "$(TARGET_NAME)";
				TEST_HOST = "$(BUILT_PRODUCTS_DIR)/Parceiros.app/Parceiros";
			};
			name = Debug;
		};
		FC0C00711B208659000544AA /* Release */ = {
			isa = XCBuildConfiguration;
			buildSettings = {
				BUNDLE_LOADER = "$(TEST_HOST)";
				FRAMEWORK_SEARCH_PATHS = (
					"$(SDKROOT)/Developer/Library/Frameworks",
					"$(inherited)",
				);
				INFOPLIST_FILE = ParceirosTests/Info.plist;
				LD_RUNPATH_SEARCH_PATHS = "$(inherited) @executable_path/Frameworks @loader_path/Frameworks";
				PRODUCT_NAME = "$(TARGET_NAME)";
				TEST_HOST = "$(BUILT_PRODUCTS_DIR)/Parceiros.app/Parceiros";
			};
			name = Release;
		};
/* End XCBuildConfiguration section */

/* Begin XCConfigurationList section */
		FC0C00481B208659000544AA /* Build configuration list for PBXProject "Parceiros" */ = {
			isa = XCConfigurationList;
			buildConfigurations = (
				FC0C006A1B208659000544AA /* Debug */,
				FC0C006B1B208659000544AA /* Release */,
			);
			defaultConfigurationIsVisible = 0;
			defaultConfigurationName = Release;
		};
		FC0C006C1B208659000544AA /* Build configuration list for PBXNativeTarget "Parceiros" */ = {
			isa = XCConfigurationList;
			buildConfigurations = (
				FC0C006D1B208659000544AA /* Debug */,
				FC0C006E1B208659000544AA /* Release */,
			);
			defaultConfigurationIsVisible = 0;
			defaultConfigurationName = Release;
		};
		FC0C006F1B208659000544AA /* Build configuration list for PBXNativeTarget "ParceirosTests" */ = {
			isa = XCConfigurationList;
			buildConfigurations = (
				FC0C00701B208659000544AA /* Debug */,
				FC0C00711B208659000544AA /* Release */,
			);
			defaultConfigurationIsVisible = 0;
			defaultConfigurationName = Release;
		};
/* End XCConfigurationList section */
	};
	rootObject = FC0C00451B208659000544AA /* Project object */;
}
